
Microsoft Visual Studio Solution File, Format Version 11.00
# Visual Studio 2010
Project("{FAE04EC0-301F-11D3-BF4B-00C04F79EFBC}") = "WTWP-Project-2", "WTWP-Project-2\WTWP-Project-2.csproj", "{13306321-9779-4631-8757-0AA7E9BDF114}"
EndProject
Global
	GlobalSection(SolutionConfigurationPlatforms) = preSolution
		Debug|Any CPU = Debug|Any CPU
		Release|Any CPU = Release|Any CPU
	EndGlobalSection
	GlobalSection(ProjectConfigurationPlatforms) = postSolution
		{13306321-9779-4631-8757-0AA7E9BDF114}.Debug|Any CPU.ActiveCfg = Debug|Any CPU
		{13306321-9779-4631-8757-0AA7E9BDF114}.Debug|Any CPU.Build.0 = Debug|Any CPU
		{13306321-9779-4631-8757-0AA7E9BDF114}.Release|Any CPU.ActiveCfg = Release|Any CPU
		{13306321-9779-4631-8757-0AA7E9BDF114}.Release|Any CPU.Build.0 = Release|Any CPU
	EndGlobalSection
	GlobalSection(SolutionProperties) = preSolution
		HideSolutionNode = FALSE
	EndGlobalSection
EndGlobal
